// !$*UTF8*$!
{
	archiveVersion = 1;
	classes = {
	};
	objectVersion = 48;
	objects = {

/* Begin PBXBuildFile section */
		780DCA82205EDBF5000A899F /* AppDelegate.swift in Sources */ = {isa = PBXBuildFile; fileRef = 780DCA81205EDBF5000A899F /* AppDelegate.swift */; };
		780DCA84205EDBF5000A899F /* MainVC.swift in Sources */ = {isa = PBXBuildFile; fileRef = 780DCA83205EDBF5000A899F /* MainVC.swift */; };
		780DCA87205EDBF5000A899F /* Main.storyboard in Resources */ = {isa = PBXBuildFile; fileRef = 780DCA85205EDBF5000A899F /* Main.storyboard */; };
		780DCA89205EDBF5000A899F /* Assets.xcassets in Resources */ = {isa = PBXBuildFile; fileRef = 780DCA88205EDBF5000A899F /* Assets.xcassets */; };
		780DCA8C205EDBF5000A899F /* LaunchScreen.storyboard in Resources */ = {isa = PBXBuildFile; fileRef = 780DCA8A205EDBF5000A899F /* LaunchScreen.storyboard */; };
		780DCA96205EE0BD000A899F /* CurrencyTextField.swift in Sources */ = {isa = PBXBuildFile; fileRef = 780DCA95205EE0BD000A899F /* CurrencyTextField.swift */; };
/* End PBXBuildFile section */

/* Begin PBXFileReference section */
		780DCA7E205EDBF5000A899F /* shop-now.app */ = {isa = PBXFileReference; explicitFileType = wrapper.application; includeInIndex = 0; path = "shop-now.app"; sourceTree = BUILT_PRODUCTS_DIR; };
		780DCA81205EDBF5000A899F /* AppDelegate.swift */ = {isa = PBXFileReference; lastKnownFileType = sourcecode.swift; path = AppDelegate.swift; sourceTree = "<group>"; };
		780DCA83205EDBF5000A899F /* MainVC.swift */ = {isa = PBXFileReference; lastKnownFileType = sourcecode.swift; path = MainVC.swift; sourceTree = "<group>"; };
		780DCA86205EDBF5000A899F /* Base */ = {isa = PBXFileReference; lastKnownFileType = file.storyboard; name = Base; path = Base.lproj/Main.storyboard; sourceTree = "<group>"; };
		780DCA88205EDBF5000A899F /* Assets.xcassets */ = {isa = PBXFileReference; lastKnownFileType = folder.assetcatalog; path = Assets.xcassets; sourceTree = "<group>"; };
		780DCA8B205EDBF5000A899F /* Base */ = {isa = PBXFileReference; lastKnownFileType = file.storyboard; name = Base; path = Base.lproj/LaunchScreen.storyboard; sourceTree = "<group>"; };
		780DCA8D205EDBF5000A899F /* Info.plist */ = {isa = PBXFileReference; lastKnownFileType = text.plist.xml; path = Info.plist; sourceTree = "<group>"; };
		780DCA95205EE0BD000A899F /* CurrencyTextField.swift */ = {isa = PBXFileReference; lastKnownFileType = sourcecode.swift; path = CurrencyTextField.swift; sourceTree = "<group>"; };
/* End PBXFileReference section */

/* Begin PBXFrameworksBuildPhase section */
		780DCA7B205EDBF5000A899F /* Frameworks */ = {
			isa = PBXFrameworksBuildPhase;
			buildActionMask = 2147483647;
			files = (
			);
			runOnlyForDeploymentPostprocessing = 0;
		};
/* End PBXFrameworksBuildPhase section */

/* Begin PBXGroup section */
		780DCA75205EDBF5000A899F = {
			isa = PBXGroup;
			children = (
				780DCA80205EDBF5000A899F /* shop-now */,
				780DCA7F205EDBF5000A899F /* Products */,
			);
			sourceTree = "<group>";
		};
		780DCA7F205EDBF5000A899F /* Products */ = {
			isa = PBXGroup;
			children = (
				780DCA7E205EDBF5000A899F /* shop-now.app */,
			);
			name = Products;
			sourceTree = "<group>";
		};
		780DCA80205EDBF5000A899F /* shop-now */ = {
			isa = PBXGroup;
			children = (
				780DCA94205EE08B000A899F /* View */,
				780DCA93205EDDA5000A899F /* Controller */,
				780DCA81205EDBF5000A899F /* AppDelegate.swift */,
				780DCA85205EDBF5000A899F /* Main.storyboard */,
				780DCA88205EDBF5000A899F /* Assets.xcassets */,
				780DCA8A205EDBF5000A899F /* LaunchScreen.storyboard */,
				780DCA8D205EDBF5000A899F /* Info.plist */,
			);
			path = "shop-now";
			sourceTree = "<group>";
		};
		780DCA93205EDDA5000A899F /* Controller */ = {
			isa = PBXGroup;
			children = (
				780DCA83205EDBF5000A899F /* MainVC.swift */,
			);
			path = Controller;
			sourceTree = "<group>";
		};
		780DCA94205EE08B000A899F /* View */ = {
			isa = PBXGroup;
			children = (
				780DCA95205EE0BD000A899F /* CurrencyTextField.swift */,
			);
			path = View;
			sourceTree = "<group>";
		};
/* End PBXGroup section */

/* Begin PBXNativeTarget section */
		780DCA7D205EDBF5000A899F /* shop-now */ = {
			isa = PBXNativeTarget;
			buildConfigurationList = 780DCA90205EDBF5000A899F /* Build configuration list for PBXNativeTarget "shop-now" */;
			buildPhases = (
				780DCA7A205EDBF5000A899F /* Sources */,
				780DCA7B205EDBF5000A899F /* Frameworks */,
				780DCA7C205EDBF5000A899F /* Resources */,
			);
			buildRules = (
			);
			dependencies = (
			);
			name = "shop-now";
			productName = "shop-now";
			productReference = 780DCA7E205EDBF5000A899F /* shop-now.app */;
			productType = "com.apple.product-type.application";
		};
/* End PBXNativeTarget section */

/* Begin PBXProject section */
		780DCA76205EDBF5000A899F /* Project object */ = {
			isa = PBXProject;
			attributes = {
				LastSwiftUpdateCheck = 0920;
				LastUpgradeCheck = 0920;
				ORGANIZATIONNAME = "idea-capsule";
				TargetAttributes = {
					780DCA7D205EDBF5000A899F = {
						CreatedOnToolsVersion = 9.2;
						ProvisioningStyle = Automatic;
					};
				};
			};
			buildConfigurationList = 780DCA79205EDBF5000A899F /* Build configuration list for PBXProject "shop-now" */;
			compatibilityVersion = "Xcode 8.0";
			developmentRegion = en;
			hasScannedForEncodings = 0;
			knownRegions = (
				en,
				Base,
			);
			mainGroup = 780DCA75205EDBF5000A899F;
			productRefGroup = 780DCA7F205EDBF5000A899F /* Products */;
			projectDirPath = "";
			projectRoot = "";
			targets = (
				780DCA7D205EDBF5000A899F /* shop-now */,
			);
		};
/* End PBXProject section */

/* Begin PBXResourcesBuildPhase section */
		780DCA7C205EDBF5000A899F /* Resources */ = {
			isa = PBXResourcesBuildPhase;
			buildActionMask = 2147483647;
			files = (
				780DCA8C205EDBF5000A899F /* LaunchScreen.storyboard in Resources */,
				780DCA89205EDBF5000A899F /* Assets.xcassets in Resources */,
				780DCA87205EDBF5000A899F /* Main.storyboard in Resources */,
			);
			runOnlyForDeploymentPostprocessing = 0;
		};
/* End PBXResourcesBuildPhase section */

/* Begin PBXSourcesBuildPhase section */
		780DCA7A205EDBF5000A899F /* Sources */ = {
			isa = PBXSourcesBuildPhase;
			buildActionMask = 2147483647;
			files = (
				780DCA96205EE0BD000A899F /* CurrencyTextField.swift in Sources */,
				780DCA84205EDBF5000A899F /* MainVC.swift in Sources */,
				780DCA82205EDBF5000A899F /* AppDelegate.swift in Sources */,
			);
			runOnlyForDeploymentPostprocessing = 0;
		};
/* End PBXSourcesBuildPhase section */

/* Begin PBXVariantGroup section */
		780DCA85205EDBF5000A899F /* Main.storyboard */ = {
			isa = PBXVariantGroup;
			children = (
				780DCA86205EDBF5000A899F /* Base */,
			);
			name = Main.storyboard;
			sourceTree = "<group>";
		};
		780DCA8A205EDBF5000A899F /* LaunchScreen.storyboard */ = {
			isa = PBXVariantGroup;
			children = (
				780DCA8B205EDBF5000A899F /* Base */,
			);
			name = LaunchScreen.storyboard;
			sourceTree = "<group>";
		};
/* End PBXVariantGroup section */

/* Begin XCBuildConfiguration section */
		780DCA8E205EDBF5000A899F /* Debug */ = {
			isa = XCBuildConfiguration;
			buildSettings = {
				ALWAYS_SEARCH_USER_PATHS = NO;
				CLANG_ANALYZER_NONNULL = YES;
				CLANG_ANALYZER_NUMBER_OBJECT_CONVERSION = YES_AGGRESSIVE;
				CLANG_CXX_LANGUAGE_STANDARD = "gnu++14";
				CLANG_CXX_LIBRARY = "libc++";
				CLANG_ENABLE_MODULES = YES;
				CLANG_ENABLE_OBJC_ARC = YES;
				CLANG_WARN_BLOCK_CAPTURE_AUTORELEASING = YES;
				CLANG_WARN_BOOL_CONVERSION = YES;
				CLANG_WARN_COMMA = YES;
				CLANG_WARN_CONSTANT_CONVERSION = YES;
				CLANG_WARN_DIRECT_OBJC_ISA_USAGE = YES_ERROR;
				CLANG_WARN_DOCUMENTATION_COMMENTS = YES;
				CLANG_WARN_EMPTY_BODY = YES;
				CLANG_WARN_ENUM_CONVERSION = YES;
				CLANG_WARN_INFINITE_RECURSION = YES;
				CLANG_WARN_INT_CONVERSION = YES;
				CLANG_WARN_NON_LITERAL_NULL_CONVERSION = YES;
				CLANG_WARN_OBJC_LITERAL_CONVERSION = YES;
				CLANG_WARN_OBJC_ROOT_CLASS = YES_ERROR;
				CLANG_WARN_RANGE_LOOP_ANALYSIS = YES;
				CLANG_WARN_STRICT_PROTOTYPES = YES;
				CLANG_WARN_SUSPICIOUS_MOVE = YES;
				CLANG_WARN_UNGUARDED_AVAILABILITY = YES_AGGRESSIVE;
				CLANG_WARN_UNREACHABLE_CODE = YES;
				CLANG_WARN__DUPLICATE_METHOD_MATCH = YES;
				CODE_SIGN_IDENTITY = "iPhone Developer";
				COPY_PHASE_STRIP = NO;
				DEBUG_INFORMATION_FORMAT = dwarf;
				ENABLE_STRICT_OBJC_MSGSEND = YES;
				ENABLE_TESTABILITY = YES;
				GCC_C_LANGUAGE_STANDARD = gnu11;
				GCC_DYNAMIC_NO_PIC = NO;
				GCC_NO_COMMON_BLOCKS = YES;
				GCC_OPTIMIZATION_LEVEL = 0;
				GCC_PREPROCESSOR_DEFINITIONS = (
					"DEBUG=1",
					"$(inherited)",
				);
				GCC_WARN_64_TO_32_BIT_CONVERSION = YES;
				GCC_WARN_ABOUT_RETURN_TYPE = YES_ERROR;
				GCC_WARN_UNDECLARED_SELECTOR = YES;
				GCC_WARN_UNINITIALIZED_AUTOS = YES_AGGRESSIVE;
				GCC_WARN_UNUSED_FUNCTION = YES;
				GCC_WARN_UNUSED_VARIABLE = YES;
				IPHONEOS_DEPLOYMENT_TARGET = 11.2;
				MTL_ENABLE_DEBUG_INFO = YES;
				ONLY_ACTIVE_ARCH = YES;
				SDKROOT = iphoneos;
				SWIFT_ACTIVE_COMPILATION_CONDITIONS = DEBUG;
				SWIFT_OPTIMIZATION_LEVEL = "-Onone";
			};
			name = Debug;
		};
		780DCA8F205EDBF5000A899F /* Release */ = {
			isa = XCBuildConfiguration;
			buildSettings = {
				ALWAYS_SEARCH_USER_PATHS = NO;
				CLANG_ANALYZER_NONNULL = YES;
				CLANG_ANALYZER_NUMBER_OBJECT_CONVERSION = YES_AGGRESSIVE;
				CLANG_CXX_LANGUAGE_STANDARD = "gnu++14";
				CLANG_CXX_LIBRARY = "libc++";
				CLANG_ENABLE_MODULES = YES;
				CLANG_ENABLE_OBJC_ARC = YES;
				CLANG_WARN_BLOCK_CAPTURE_AUTORELEASING = YES;
				CLANG_WARN_BOOL_CONVERSION = YES;
				CLANG_WARN_COMMA = YES;
				CLANG_WARN_CONSTANT_CONVERSION = YES;
				CLANG_WARN_DIRECT_OBJC_ISA_USAGE = YES_ERROR;
				CLANG_WARN_DOCUMENTATION_COMMENTS = YES;
				CLANG_WARN_EMPTY_BODY = YES;
				CLANG_WARN_ENUM_CONVERSION = YES;
				CLANG_WARN_INFINITE_RECURSION = YES;
				CLANG_WARN_INT_CONVERSION = YES;
				CLANG_WARN_NON_LITERAL_NULL_CONVERSION = YES;
				CLANG_WARN_OBJC_LITERAL_CONVERSION = YES;
				CLANG_WARN_OBJC_ROOT_CLASS = YES_ERROR;
				CLANG_WARN_RANGE_LOOP_ANALYSIS = YES;
				CLANG_WARN_STRICT_PROTOTYPES = YES;
				CLANG_WARN_SUSPICIOUS_MOVE = YES;
				CLANG_WARN_UNGUARDED_AVAILABILITY = YES_AGGRESSIVE;
				CLANG_WARN_UNREACHABLE_CODE = YES;
				CLANG_WARN__DUPLICATE_METHOD_MATCH = YES;
				CODE_SIGN_IDENTITY = "iPhone Developer";
				COPY_PHASE_STRIP = NO;
				DEBUG_INFORMATION_FORMAT = "dwarf-with-dsym";
				ENABLE_NS_ASSERTIONS = NO;
				ENABLE_STRICT_OBJC_MSGSEND = YES;
				GCC_C_LANGUAGE_STANDARD = gnu11;
				GCC_NO_COMMON_BLOCKS = YES;
				GCC_WARN_64_TO_32_BIT_CONVERSION = YES;
				GCC_WARN_ABOUT_RETURN_TYPE = YES_ERROR;
				GCC_WARN_UNDECLARED_SELECTOR = YES;
				GCC_WARN_UNINITIALIZED_AUTOS = YES_AGGRESSIVE;
				GCC_WARN_UNUSED_FUNCTION = YES;
				GCC_WARN_UNUSED_VARIABLE = YES;
				IPHONEOS_DEPLOYMENT_TARGET = 11.2;
				MTL_ENABLE_DEBUG_INFO = NO;
				SDKROOT = iphoneos;
				SWIFT_OPTIMIZATION_LEVEL = "-Owholemodule";
				VALIDATE_PRODUCT = YES;
			};
			name = Release;
		};
		780DCA91205EDBF5000A899F /* Debug */ = {
			isa = XCBuildConfiguration;
			buildSettings = {
				ASSETCATALOG_COMPILER_APPICON_NAME = AppIcon;
				CODE_SIGN_STYLE = Automatic;
				INFOPLIST_FILE = "shop-now/Info.plist";
				LD_RUNPATH_SEARCH_PATHS = "$(inherited) @executable_path/Frameworks";
				PRODUCT_BUNDLE_IDENTIFIER = "idea-capsule.shop-now";
				PRODUCT_NAME = "$(TARGET_NAME)";
				SWIFT_VERSION = 4.0;
				TARGETED_DEVICE_FAMILY = "1,2";
			};
			name = Debug;
		};
		780DCA92205EDBF5000A899F /* Release */ = {
			isa = XCBuildConfiguration;
			buildSettings = {
				ASSETCATALOG_COMPILER_APPICON_NAME = AppIcon;
				CODE_SIGN_STYLE = Automatic;
				INFOPLIST_FILE = "shop-now/Info.plist";
				LD_RUNPATH_SEARCH_PATHS = "$(inherited) @executable_path/Frameworks";
				PRODUCT_BUNDLE_IDENTIFIER = "idea-capsule.shop-now";
				PRODUCT_NAME = "$(TARGET_NAME)";
				SWIFT_VERSION = 4.0;
				TARGETED_DEVICE_FAMILY = "1,2";
			};
			name = Release;
		};
/* End XCBuildConfiguration section */

/* Begin XCConfigurationList section */
		780DCA79205EDBF5000A899F /* Build configuration list for PBXProject "shop-now" */ = {
			isa = XCConfigurationList;
			buildConfigurations = (
				780DCA8E205EDBF5000A899F /* Debug */,
				780DCA8F205EDBF5000A899F /* Release */,
			);
			defaultConfigurationIsVisible = 0;
			defaultConfigurationName = Release;
		};
		780DCA90205EDBF5000A899F /* Build configuration list for PBXNativeTarget "shop-now" */ = {
			isa = XCConfigurationList;
			buildConfigurations = (
				780DCA91205EDBF5000A899F /* Debug */,
				780DCA92205EDBF5000A899F /* Release */,
			);
			defaultConfigurationIsVisible = 0;
			defaultConfigurationName = Release;
		};
/* End XCConfigurationList section */
	};
	rootObject = 780DCA76205EDBF5000A899F /* Project object */;
}
