// !$*UTF8*$!
{
	archiveVersion = 1;
	classes = {
	};
	objectVersion = 48;
	objects = {

/* Begin PBXBuildFile section */
		780E1D1C205D02850053CD67 /* LeagueVC.swift in Sources */ = {isa = PBXBuildFile; fileRef = 780E1D1B205D02850053CD67 /* LeagueVC.swift */; };
		780E1D1E205D02C40053CD67 /* SkillVC.swift in Sources */ = {isa = PBXBuildFile; fileRef = 780E1D1D205D02C40053CD67 /* SkillVC.swift */; };
		7830D8E9205BFC69006D7AA0 /* AppDelegate.swift in Sources */ = {isa = PBXBuildFile; fileRef = 7830D8E8205BFC69006D7AA0 /* AppDelegate.swift */; };
		7830D8EB205BFC69006D7AA0 /* WelcomeVC.swift in Sources */ = {isa = PBXBuildFile; fileRef = 7830D8EA205BFC69006D7AA0 /* WelcomeVC.swift */; };
		7830D8EE205BFC69006D7AA0 /* Main.storyboard in Resources */ = {isa = PBXBuildFile; fileRef = 7830D8EC205BFC69006D7AA0 /* Main.storyboard */; };
		7830D8F0205BFC69006D7AA0 /* Assets.xcassets in Resources */ = {isa = PBXBuildFile; fileRef = 7830D8EF205BFC69006D7AA0 /* Assets.xcassets */; };
		7830D8F3205BFC69006D7AA0 /* LaunchScreen.storyboard in Resources */ = {isa = PBXBuildFile; fileRef = 7830D8F1205BFC69006D7AA0 /* LaunchScreen.storyboard */; };
		7830D8FC205C044F006D7AA0 /* BoarderButton.swift in Sources */ = {isa = PBXBuildFile; fileRef = 7830D8FB205C044F006D7AA0 /* BoarderButton.swift */; };
/* End PBXBuildFile section */

/* Begin PBXFileReference section */
		780E1D1B205D02850053CD67 /* LeagueVC.swift */ = {isa = PBXFileReference; lastKnownFileType = sourcecode.swift; path = LeagueVC.swift; sourceTree = "<group>"; };
		780E1D1D205D02C40053CD67 /* SkillVC.swift */ = {isa = PBXFileReference; lastKnownFileType = sourcecode.swift; path = SkillVC.swift; sourceTree = "<group>"; };
		7830D8E5205BFC69006D7AA0 /* app-basketball.app */ = {isa = PBXFileReference; explicitFileType = wrapper.application; includeInIndex = 0; path = "app-basketball.app"; sourceTree = BUILT_PRODUCTS_DIR; };
		7830D8E8205BFC69006D7AA0 /* AppDelegate.swift */ = {isa = PBXFileReference; lastKnownFileType = sourcecode.swift; path = AppDelegate.swift; sourceTree = "<group>"; };
		7830D8EA205BFC69006D7AA0 /* WelcomeVC.swift */ = {isa = PBXFileReference; lastKnownFileType = sourcecode.swift; path = WelcomeVC.swift; sourceTree = "<group>"; };
		7830D8ED205BFC69006D7AA0 /* Base */ = {isa = PBXFileReference; lastKnownFileType = file.storyboard; name = Base; path = Base.lproj/Main.storyboard; sourceTree = "<group>"; };
		7830D8EF205BFC69006D7AA0 /* Assets.xcassets */ = {isa = PBXFileReference; lastKnownFileType = folder.assetcatalog; path = Assets.xcassets; sourceTree = "<group>"; };
		7830D8F2205BFC69006D7AA0 /* Base */ = {isa = PBXFileReference; lastKnownFileType = file.storyboard; name = Base; path = Base.lproj/LaunchScreen.storyboard; sourceTree = "<group>"; };
		7830D8F4205BFC6A006D7AA0 /* Info.plist */ = {isa = PBXFileReference; lastKnownFileType = text.plist.xml; path = Info.plist; sourceTree = "<group>"; };
		7830D8FB205C044F006D7AA0 /* BoarderButton.swift */ = {isa = PBXFileReference; lastKnownFileType = sourcecode.swift; path = BoarderButton.swift; sourceTree = "<group>"; };
/* End PBXFileReference section */

/* Begin PBXFrameworksBuildPhase section */
		7830D8E2205BFC69006D7AA0 /* Frameworks */ = {
			isa = PBXFrameworksBuildPhase;
			buildActionMask = 2147483647;
			files = (
			);
			runOnlyForDeploymentPostprocessing = 0;
		};
/* End PBXFrameworksBuildPhase section */

/* Begin PBXGroup section */
		780E1D19205D01620053CD67 /* Controller */ = {
			isa = PBXGroup;
			children = (
				7830D8EA205BFC69006D7AA0 /* WelcomeVC.swift */,
				780E1D1B205D02850053CD67 /* LeagueVC.swift */,
				780E1D1D205D02C40053CD67 /* SkillVC.swift */,
			);
			path = Controller;
			sourceTree = "<group>";
		};
		780E1D1A205D016B0053CD67 /* Model */ = {
			isa = PBXGroup;
			children = (
			);
			path = Model;
			sourceTree = "<group>";
		};
		7830D8DC205BFC69006D7AA0 = {
			isa = PBXGroup;
			children = (
				7830D8E7205BFC69006D7AA0 /* app-basketball */,
				7830D8E6205BFC69006D7AA0 /* Products */,
			);
			sourceTree = "<group>";
		};
		7830D8E6205BFC69006D7AA0 /* Products */ = {
			isa = PBXGroup;
			children = (
				7830D8E5205BFC69006D7AA0 /* app-basketball.app */,
			);
			name = Products;
			sourceTree = "<group>";
		};
		7830D8E7205BFC69006D7AA0 /* app-basketball */ = {
			isa = PBXGroup;
			children = (
				780E1D1A205D016B0053CD67 /* Model */,
				780E1D19205D01620053CD67 /* Controller */,
				7830D8FA205C03E7006D7AA0 /* View */,
				7830D8E8205BFC69006D7AA0 /* AppDelegate.swift */,
				7830D8EC205BFC69006D7AA0 /* Main.storyboard */,
				7830D8EF205BFC69006D7AA0 /* Assets.xcassets */,
				7830D8F1205BFC69006D7AA0 /* LaunchScreen.storyboard */,
				7830D8F4205BFC6A006D7AA0 /* Info.plist */,
			);
			path = "app-basketball";
			sourceTree = "<group>";
		};
		7830D8FA205C03E7006D7AA0 /* View */ = {
			isa = PBXGroup;
			children = (
				7830D8FB205C044F006D7AA0 /* BoarderButton.swift */,
			);
			path = View;
			sourceTree = "<group>";
		};
/* End PBXGroup section */

/* Begin PBXNativeTarget section */
		7830D8E4205BFC69006D7AA0 /* app-basketball */ = {
			isa = PBXNativeTarget;
			buildConfigurationList = 7830D8F7205BFC6A006D7AA0 /* Build configuration list for PBXNativeTarget "app-basketball" */;
			buildPhases = (
				7830D8E1205BFC69006D7AA0 /* Sources */,
				7830D8E2205BFC69006D7AA0 /* Frameworks */,
				7830D8E3205BFC69006D7AA0 /* Resources */,
			);
			buildRules = (
			);
			dependencies = (
			);
			name = "app-basketball";
			productName = "app-basketball";
			productReference = 7830D8E5205BFC69006D7AA0 /* app-basketball.app */;
			productType = "com.apple.product-type.application";
		};
/* End PBXNativeTarget section */

/* Begin PBXProject section */
		7830D8DD205BFC69006D7AA0 /* Project object */ = {
			isa = PBXProject;
			attributes = {
				LastSwiftUpdateCheck = 0920;
				LastUpgradeCheck = 0920;
				ORGANIZATIONNAME = "idea-capsule";
				TargetAttributes = {
					7830D8E4205BFC69006D7AA0 = {
						CreatedOnToolsVersion = 9.2;
						ProvisioningStyle = Automatic;
					};
				};
			};
			buildConfigurationList = 7830D8E0205BFC69006D7AA0 /* Build configuration list for PBXProject "app-basketball" */;
			compatibilityVersion = "Xcode 8.0";
			developmentRegion = en;
			hasScannedForEncodings = 0;
			knownRegions = (
				en,
				Base,
			);
			mainGroup = 7830D8DC205BFC69006D7AA0;
			productRefGroup = 7830D8E6205BFC69006D7AA0 /* Products */;
			projectDirPath = "";
			projectRoot = "";
			targets = (
				7830D8E4205BFC69006D7AA0 /* app-basketball */,
			);
		};
/* End PBXProject section */

/* Begin PBXResourcesBuildPhase section */
		7830D8E3205BFC69006D7AA0 /* Resources */ = {
			isa = PBXResourcesBuildPhase;
			buildActionMask = 2147483647;
			files = (
				7830D8F3205BFC69006D7AA0 /* LaunchScreen.storyboard in Resources */,
				7830D8F0205BFC69006D7AA0 /* Assets.xcassets in Resources */,
				7830D8EE205BFC69006D7AA0 /* Main.storyboard in Resources */,
			);
			runOnlyForDeploymentPostprocessing = 0;
		};
/* End PBXResourcesBuildPhase section */

/* Begin PBXSourcesBuildPhase section */
		7830D8E1205BFC69006D7AA0 /* Sources */ = {
			isa = PBXSourcesBuildPhase;
			buildActionMask = 2147483647;
			files = (
				7830D8EB205BFC69006D7AA0 /* WelcomeVC.swift in Sources */,
				780E1D1C205D02850053CD67 /* LeagueVC.swift in Sources */,
				7830D8E9205BFC69006D7AA0 /* AppDelegate.swift in Sources */,
				780E1D1E205D02C40053CD67 /* SkillVC.swift in Sources */,
				7830D8FC205C044F006D7AA0 /* BoarderButton.swift in Sources */,
			);
			runOnlyForDeploymentPostprocessing = 0;
		};
/* End PBXSourcesBuildPhase section */

/* Begin PBXVariantGroup section */
		7830D8EC205BFC69006D7AA0 /* Main.storyboard */ = {
			isa = PBXVariantGroup;
			children = (
				7830D8ED205BFC69006D7AA0 /* Base */,
			);
			name = Main.storyboard;
			sourceTree = "<group>";
		};
		7830D8F1205BFC69006D7AA0 /* LaunchScreen.storyboard */ = {
			isa = PBXVariantGroup;
			children = (
				7830D8F2205BFC69006D7AA0 /* Base */,
			);
			name = LaunchScreen.storyboard;
			sourceTree = "<group>";
		};
/* End PBXVariantGroup section */

/* Begin XCBuildConfiguration section */
		7830D8F5205BFC6A006D7AA0 /* Debug */ = {
			isa = XCBuildConfiguration;
			buildSettings = {
				ALWAYS_SEARCH_USER_PATHS = NO;
				CLANG_ANALYZER_NONNULL = YES;
				CLANG_ANALYZER_NUMBER_OBJECT_CONVERSION = YES_AGGRESSIVE;
				CLANG_CXX_LANGUAGE_STANDARD = "gnu++14";
				CLANG_CXX_LIBRARY = "libc++";
				CLANG_ENABLE_MODULES = YES;
				CLANG_ENABLE_OBJC_ARC = YES;
				CLANG_WARN_BLOCK_CAPTURE_AUTORELEASING = YES;
				CLANG_WARN_BOOL_CONVERSION = YES;
				CLANG_WARN_COMMA = YES;
				CLANG_WARN_CONSTANT_CONVERSION = YES;
				CLANG_WARN_DIRECT_OBJC_ISA_USAGE = YES_ERROR;
				CLANG_WARN_DOCUMENTATION_COMMENTS = YES;
				CLANG_WARN_EMPTY_BODY = YES;
				CLANG_WARN_ENUM_CONVERSION = YES;
				CLANG_WARN_INFINITE_RECURSION = YES;
				CLANG_WARN_INT_CONVERSION = YES;
				CLANG_WARN_NON_LITERAL_NULL_CONVERSION = YES;
				CLANG_WARN_OBJC_LITERAL_CONVERSION = YES;
				CLANG_WARN_OBJC_ROOT_CLASS = YES_ERROR;
				CLANG_WARN_RANGE_LOOP_ANALYSIS = YES;
				CLANG_WARN_STRICT_PROTOTYPES = YES;
				CLANG_WARN_SUSPICIOUS_MOVE = YES;
				CLANG_WARN_UNGUARDED_AVAILABILITY = YES_AGGRESSIVE;
				CLANG_WARN_UNREACHABLE_CODE = YES;
				CLANG_WARN__DUPLICATE_METHOD_MATCH = YES;
				CODE_SIGN_IDENTITY = "iPhone Developer";
				COPY_PHASE_STRIP = NO;
				DEBUG_INFORMATION_FORMAT = dwarf;
				ENABLE_STRICT_OBJC_MSGSEND = YES;
				ENABLE_TESTABILITY = YES;
				GCC_C_LANGUAGE_STANDARD = gnu11;
				GCC_DYNAMIC_NO_PIC = NO;
				GCC_NO_COMMON_BLOCKS = YES;
				GCC_OPTIMIZATION_LEVEL = 0;
				GCC_PREPROCESSOR_DEFINITIONS = (
					"DEBUG=1",
					"$(inherited)",
				);
				GCC_WARN_64_TO_32_BIT_CONVERSION = YES;
				GCC_WARN_ABOUT_RETURN_TYPE = YES_ERROR;
				GCC_WARN_UNDECLARED_SELECTOR = YES;
				GCC_WARN_UNINITIALIZED_AUTOS = YES_AGGRESSIVE;
				GCC_WARN_UNUSED_FUNCTION = YES;
				GCC_WARN_UNUSED_VARIABLE = YES;
				IPHONEOS_DEPLOYMENT_TARGET = 11.2;
				MTL_ENABLE_DEBUG_INFO = YES;
				ONLY_ACTIVE_ARCH = YES;
				SDKROOT = iphoneos;
				SWIFT_ACTIVE_COMPILATION_CONDITIONS = DEBUG;
				SWIFT_OPTIMIZATION_LEVEL = "-Onone";
			};
			name = Debug;
		};
		7830D8F6205BFC6A006D7AA0 /* Release */ = {
			isa = XCBuildConfiguration;
			buildSettings = {
				ALWAYS_SEARCH_USER_PATHS = NO;
				CLANG_ANALYZER_NONNULL = YES;
				CLANG_ANALYZER_NUMBER_OBJECT_CONVERSION = YES_AGGRESSIVE;
				CLANG_CXX_LANGUAGE_STANDARD = "gnu++14";
				CLANG_CXX_LIBRARY = "libc++";
				CLANG_ENABLE_MODULES = YES;
				CLANG_ENABLE_OBJC_ARC = YES;
				CLANG_WARN_BLOCK_CAPTURE_AUTORELEASING = YES;
				CLANG_WARN_BOOL_CONVERSION = YES;
				CLANG_WARN_COMMA = YES;
				CLANG_WARN_CONSTANT_CONVERSION = YES;
				CLANG_WARN_DIRECT_OBJC_ISA_USAGE = YES_ERROR;
				CLANG_WARN_DOCUMENTATION_COMMENTS = YES;
				CLANG_WARN_EMPTY_BODY = YES;
				CLANG_WARN_ENUM_CONVERSION = YES;
				CLANG_WARN_INFINITE_RECURSION = YES;
				CLANG_WARN_INT_CONVERSION = YES;
				CLANG_WARN_NON_LITERAL_NULL_CONVERSION = YES;
				CLANG_WARN_OBJC_LITERAL_CONVERSION = YES;
				CLANG_WARN_OBJC_ROOT_CLASS = YES_ERROR;
				CLANG_WARN_RANGE_LOOP_ANALYSIS = YES;
				CLANG_WARN_STRICT_PROTOTYPES = YES;
				CLANG_WARN_SUSPICIOUS_MOVE = YES;
				CLANG_WARN_UNGUARDED_AVAILABILITY = YES_AGGRESSIVE;
				CLANG_WARN_UNREACHABLE_CODE = YES;
				CLANG_WARN__DUPLICATE_METHOD_MATCH = YES;
				CODE_SIGN_IDENTITY = "iPhone Developer";
				COPY_PHASE_STRIP = NO;
				DEBUG_INFORMATION_FORMAT = "dwarf-with-dsym";
				ENABLE_NS_ASSERTIONS = NO;
				ENABLE_STRICT_OBJC_MSGSEND = YES;
				GCC_C_LANGUAGE_STANDARD = gnu11;
				GCC_NO_COMMON_BLOCKS = YES;
				GCC_WARN_64_TO_32_BIT_CONVERSION = YES;
				GCC_WARN_ABOUT_RETURN_TYPE = YES_ERROR;
				GCC_WARN_UNDECLARED_SELECTOR = YES;
				GCC_WARN_UNINITIALIZED_AUTOS = YES_AGGRESSIVE;
				GCC_WARN_UNUSED_FUNCTION = YES;
				GCC_WARN_UNUSED_VARIABLE = YES;
				IPHONEOS_DEPLOYMENT_TARGET = 11.2;
				MTL_ENABLE_DEBUG_INFO = NO;
				SDKROOT = iphoneos;
				SWIFT_OPTIMIZATION_LEVEL = "-Owholemodule";
				VALIDATE_PRODUCT = YES;
			};
			name = Release;
		};
		7830D8F8205BFC6A006D7AA0 /* Debug */ = {
			isa = XCBuildConfiguration;
			buildSettings = {
				ASSETCATALOG_COMPILER_APPICON_NAME = AppIcon;
				CODE_SIGN_STYLE = Automatic;
				INFOPLIST_FILE = "app-basketball/Info.plist";
				LD_RUNPATH_SEARCH_PATHS = "$(inherited) @executable_path/Frameworks";
				PRODUCT_BUNDLE_IDENTIFIER = "idea-capsule.app-basketball";
				PRODUCT_NAME = "$(TARGET_NAME)";
				SWIFT_VERSION = 4.0;
				TARGETED_DEVICE_FAMILY = "1,2";
			};
			name = Debug;
		};
		7830D8F9205BFC6A006D7AA0 /* Release */ = {
			isa = XCBuildConfiguration;
			buildSettings = {
				ASSETCATALOG_COMPILER_APPICON_NAME = AppIcon;
				CODE_SIGN_STYLE = Automatic;
				INFOPLIST_FILE = "app-basketball/Info.plist";
				LD_RUNPATH_SEARCH_PATHS = "$(inherited) @executable_path/Frameworks";
				PRODUCT_BUNDLE_IDENTIFIER = "idea-capsule.app-basketball";
				PRODUCT_NAME = "$(TARGET_NAME)";
				SWIFT_VERSION = 4.0;
				TARGETED_DEVICE_FAMILY = "1,2";
			};
			name = Release;
		};
/* End XCBuildConfiguration section */

/* Begin XCConfigurationList section */
		7830D8E0205BFC69006D7AA0 /* Build configuration list for PBXProject "app-basketball" */ = {
			isa = XCConfigurationList;
			buildConfigurations = (
				7830D8F5205BFC6A006D7AA0 /* Debug */,
				7830D8F6205BFC6A006D7AA0 /* Release */,
			);
			defaultConfigurationIsVisible = 0;
			defaultConfigurationName = Release;
		};
		7830D8F7205BFC6A006D7AA0 /* Build configuration list for PBXNativeTarget "app-basketball" */ = {
			isa = XCConfigurationList;
			buildConfigurations = (
				7830D8F8205BFC6A006D7AA0 /* Debug */,
				7830D8F9205BFC6A006D7AA0 /* Release */,
			);
			defaultConfigurationIsVisible = 0;
			defaultConfigurationName = Release;
		};
/* End XCConfigurationList section */
	};
	rootObject = 7830D8DD205BFC69006D7AA0 /* Project object */;
}
