// !$*UTF8*$!
{
	archiveVersion = 1;
	classes = {
	};
	objectVersion = 48;
	objects = {

/* Begin PBXBuildFile section */
		78384F0E206BE9C700D7337A /* how_many_hours_tests.swift in Sources */ = {isa = PBXBuildFile; fileRef = 78384F0D206BE9C700D7337A /* how_many_hours_tests.swift */; };
		78384F16206BEA3F00D7337A /* Wage.swift in Sources */ = {isa = PBXBuildFile; fileRef = 78384F15206BEA3F00D7337A /* Wage.swift */; };
		7870ABF32063F48600AA71D5 /* AppDelegate.swift in Sources */ = {isa = PBXBuildFile; fileRef = 7870ABF22063F48600AA71D5 /* AppDelegate.swift */; };
		7870ABF52063F48600AA71D5 /* MainVC.swift in Sources */ = {isa = PBXBuildFile; fileRef = 7870ABF42063F48600AA71D5 /* MainVC.swift */; };
		7870ABF82063F48600AA71D5 /* Main.storyboard in Resources */ = {isa = PBXBuildFile; fileRef = 7870ABF62063F48600AA71D5 /* Main.storyboard */; };
		7870ABFA2063F48600AA71D5 /* Assets.xcassets in Resources */ = {isa = PBXBuildFile; fileRef = 7870ABF92063F48600AA71D5 /* Assets.xcassets */; };
		7870ABFD2063F48600AA71D5 /* LaunchScreen.storyboard in Resources */ = {isa = PBXBuildFile; fileRef = 7870ABFB2063F48600AA71D5 /* LaunchScreen.storyboard */; };
		7870AC082064115900AA71D5 /* CurrencyTextField.swift in Sources */ = {isa = PBXBuildFile; fileRef = 7870AC072064115900AA71D5 /* CurrencyTextField.swift */; };
/* End PBXBuildFile section */

/* Begin PBXContainerItemProxy section */
		78384F10206BE9C700D7337A /* PBXContainerItemProxy */ = {
			isa = PBXContainerItemProxy;
			containerPortal = 7870ABE72063F48600AA71D5 /* Project object */;
			proxyType = 1;
			remoteGlobalIDString = 7870ABEE2063F48600AA71D5;
			remoteInfo = "how-many-hours";
		};
/* End PBXContainerItemProxy section */

/* Begin PBXFileReference section */
		78384F0B206BE9C700D7337A /* how-many-hours-tests.xctest */ = {isa = PBXFileReference; explicitFileType = wrapper.cfbundle; includeInIndex = 0; path = "how-many-hours-tests.xctest"; sourceTree = BUILT_PRODUCTS_DIR; };
		78384F0D206BE9C700D7337A /* how_many_hours_tests.swift */ = {isa = PBXFileReference; lastKnownFileType = sourcecode.swift; path = how_many_hours_tests.swift; sourceTree = "<group>"; };
		78384F0F206BE9C700D7337A /* Info.plist */ = {isa = PBXFileReference; lastKnownFileType = text.plist.xml; path = Info.plist; sourceTree = "<group>"; };
		78384F15206BEA3F00D7337A /* Wage.swift */ = {isa = PBXFileReference; lastKnownFileType = sourcecode.swift; path = Wage.swift; sourceTree = "<group>"; };
		7870ABEF2063F48600AA71D5 /* how-many-hours.app */ = {isa = PBXFileReference; explicitFileType = wrapper.application; includeInIndex = 0; path = "how-many-hours.app"; sourceTree = BUILT_PRODUCTS_DIR; };
		7870ABF22063F48600AA71D5 /* AppDelegate.swift */ = {isa = PBXFileReference; lastKnownFileType = sourcecode.swift; path = AppDelegate.swift; sourceTree = "<group>"; };
		7870ABF42063F48600AA71D5 /* MainVC.swift */ = {isa = PBXFileReference; lastKnownFileType = sourcecode.swift; path = MainVC.swift; sourceTree = "<group>"; };
		7870ABF72063F48600AA71D5 /* Base */ = {isa = PBXFileReference; lastKnownFileType = file.storyboard; name = Base; path = Base.lproj/Main.storyboard; sourceTree = "<group>"; };
		7870ABF92063F48600AA71D5 /* Assets.xcassets */ = {isa = PBXFileReference; lastKnownFileType = folder.assetcatalog; path = Assets.xcassets; sourceTree = "<group>"; };
		7870ABFC2063F48600AA71D5 /* Base */ = {isa = PBXFileReference; lastKnownFileType = file.storyboard; name = Base; path = Base.lproj/LaunchScreen.storyboard; sourceTree = "<group>"; };
		7870ABFE2063F48600AA71D5 /* Info.plist */ = {isa = PBXFileReference; lastKnownFileType = text.plist.xml; path = Info.plist; sourceTree = "<group>"; };
		7870AC072064115900AA71D5 /* CurrencyTextField.swift */ = {isa = PBXFileReference; lastKnownFileType = sourcecode.swift; path = CurrencyTextField.swift; sourceTree = "<group>"; };
/* End PBXFileReference section */

/* Begin PBXFrameworksBuildPhase section */
		78384F08206BE9C700D7337A /* Frameworks */ = {
			isa = PBXFrameworksBuildPhase;
			buildActionMask = 2147483647;
			files = (
			);
			runOnlyForDeploymentPostprocessing = 0;
		};
		7870ABEC2063F48600AA71D5 /* Frameworks */ = {
			isa = PBXFrameworksBuildPhase;
			buildActionMask = 2147483647;
			files = (
			);
			runOnlyForDeploymentPostprocessing = 0;
		};
/* End PBXFrameworksBuildPhase section */

/* Begin PBXGroup section */
		78384F0C206BE9C700D7337A /* how-many-hours-tests */ = {
			isa = PBXGroup;
			children = (
				78384F0D206BE9C700D7337A /* how_many_hours_tests.swift */,
				78384F0F206BE9C700D7337A /* Info.plist */,
			);
			path = "how-many-hours-tests";
			sourceTree = "<group>";
		};
		7870ABE62063F48600AA71D5 = {
			isa = PBXGroup;
			children = (
				7870ABF12063F48600AA71D5 /* how-many-hours */,
				78384F0C206BE9C700D7337A /* how-many-hours-tests */,
				7870ABF02063F48600AA71D5 /* Products */,
			);
			sourceTree = "<group>";
		};
		7870ABF02063F48600AA71D5 /* Products */ = {
			isa = PBXGroup;
			children = (
				7870ABEF2063F48600AA71D5 /* how-many-hours.app */,
				78384F0B206BE9C700D7337A /* how-many-hours-tests.xctest */,
			);
			name = Products;
			sourceTree = "<group>";
		};
		7870ABF12063F48600AA71D5 /* how-many-hours */ = {
			isa = PBXGroup;
			children = (
				7870AC062063F58700AA71D5 /* Model */,
				7870AC052063F58000AA71D5 /* View */,
				7870AC042063F57400AA71D5 /* Controller */,
				7870ABF22063F48600AA71D5 /* AppDelegate.swift */,
				7870ABF62063F48600AA71D5 /* Main.storyboard */,
				7870ABF92063F48600AA71D5 /* Assets.xcassets */,
				7870ABFB2063F48600AA71D5 /* LaunchScreen.storyboard */,
				7870ABFE2063F48600AA71D5 /* Info.plist */,
			);
			path = "how-many-hours";
			sourceTree = "<group>";
		};
		7870AC042063F57400AA71D5 /* Controller */ = {
			isa = PBXGroup;
			children = (
				7870ABF42063F48600AA71D5 /* MainVC.swift */,
			);
			path = Controller;
			sourceTree = "<group>";
		};
		7870AC052063F58000AA71D5 /* View */ = {
			isa = PBXGroup;
			children = (
				7870AC072064115900AA71D5 /* CurrencyTextField.swift */,
			);
			path = View;
			sourceTree = "<group>";
		};
		7870AC062063F58700AA71D5 /* Model */ = {
			isa = PBXGroup;
			children = (
				78384F15206BEA3F00D7337A /* Wage.swift */,
			);
			path = Model;
			sourceTree = "<group>";
		};
/* End PBXGroup section */

/* Begin PBXNativeTarget section */
		78384F0A206BE9C700D7337A /* how-many-hours-tests */ = {
			isa = PBXNativeTarget;
			buildConfigurationList = 78384F14206BE9C700D7337A /* Build configuration list for PBXNativeTarget "how-many-hours-tests" */;
			buildPhases = (
				78384F07206BE9C700D7337A /* Sources */,
				78384F08206BE9C700D7337A /* Frameworks */,
				78384F09206BE9C700D7337A /* Resources */,
			);
			buildRules = (
			);
			dependencies = (
				78384F11206BE9C700D7337A /* PBXTargetDependency */,
			);
			name = "how-many-hours-tests";
			productName = "how-many-hours-tests";
			productReference = 78384F0B206BE9C700D7337A /* how-many-hours-tests.xctest */;
			productType = "com.apple.product-type.bundle.unit-test";
		};
		7870ABEE2063F48600AA71D5 /* how-many-hours */ = {
			isa = PBXNativeTarget;
			buildConfigurationList = 7870AC012063F48600AA71D5 /* Build configuration list for PBXNativeTarget "how-many-hours" */;
			buildPhases = (
				7870ABEB2063F48600AA71D5 /* Sources */,
				7870ABEC2063F48600AA71D5 /* Frameworks */,
				7870ABED2063F48600AA71D5 /* Resources */,
			);
			buildRules = (
			);
			dependencies = (
			);
			name = "how-many-hours";
			productName = "how-many-hours";
			productReference = 7870ABEF2063F48600AA71D5 /* how-many-hours.app */;
			productType = "com.apple.product-type.application";
		};
/* End PBXNativeTarget section */

/* Begin PBXProject section */
		7870ABE72063F48600AA71D5 /* Project object */ = {
			isa = PBXProject;
			attributes = {
				LastSwiftUpdateCheck = 0920;
				LastUpgradeCheck = 0920;
				ORGANIZATIONNAME = "idea-capsule";
				TargetAttributes = {
					78384F0A206BE9C700D7337A = {
						CreatedOnToolsVersion = 9.2;
						ProvisioningStyle = Automatic;
						TestTargetID = 7870ABEE2063F48600AA71D5;
					};
					7870ABEE2063F48600AA71D5 = {
						CreatedOnToolsVersion = 9.2;
						ProvisioningStyle = Automatic;
					};
				};
			};
			buildConfigurationList = 7870ABEA2063F48600AA71D5 /* Build configuration list for PBXProject "how-many-hours" */;
			compatibilityVersion = "Xcode 8.0";
			developmentRegion = en;
			hasScannedForEncodings = 0;
			knownRegions = (
				en,
				Base,
			);
			mainGroup = 7870ABE62063F48600AA71D5;
			productRefGroup = 7870ABF02063F48600AA71D5 /* Products */;
			projectDirPath = "";
			projectRoot = "";
			targets = (
				7870ABEE2063F48600AA71D5 /* how-many-hours */,
				78384F0A206BE9C700D7337A /* how-many-hours-tests */,
			);
		};
/* End PBXProject section */

/* Begin PBXResourcesBuildPhase section */
		78384F09206BE9C700D7337A /* Resources */ = {
			isa = PBXResourcesBuildPhase;
			buildActionMask = 2147483647;
			files = (
			);
			runOnlyForDeploymentPostprocessing = 0;
		};
		7870ABED2063F48600AA71D5 /* Resources */ = {
			isa = PBXResourcesBuildPhase;
			buildActionMask = 2147483647;
			files = (
				7870ABFD2063F48600AA71D5 /* LaunchScreen.storyboard in Resources */,
				7870ABFA2063F48600AA71D5 /* Assets.xcassets in Resources */,
				7870ABF82063F48600AA71D5 /* Main.storyboard in Resources */,
			);
			runOnlyForDeploymentPostprocessing = 0;
		};
/* End PBXResourcesBuildPhase section */

/* Begin PBXSourcesBuildPhase section */
		78384F07206BE9C700D7337A /* Sources */ = {
			isa = PBXSourcesBuildPhase;
			buildActionMask = 2147483647;
			files = (
				78384F0E206BE9C700D7337A /* how_many_hours_tests.swift in Sources */,
			);
			runOnlyForDeploymentPostprocessing = 0;
		};
		7870ABEB2063F48600AA71D5 /* Sources */ = {
			isa = PBXSourcesBuildPhase;
			buildActionMask = 2147483647;
			files = (
				7870AC082064115900AA71D5 /* CurrencyTextField.swift in Sources */,
				78384F16206BEA3F00D7337A /* Wage.swift in Sources */,
				7870ABF52063F48600AA71D5 /* MainVC.swift in Sources */,
				7870ABF32063F48600AA71D5 /* AppDelegate.swift in Sources */,
			);
			runOnlyForDeploymentPostprocessing = 0;
		};
/* End PBXSourcesBuildPhase section */

/* Begin PBXTargetDependency section */
		78384F11206BE9C700D7337A /* PBXTargetDependency */ = {
			isa = PBXTargetDependency;
			target = 7870ABEE2063F48600AA71D5 /* how-many-hours */;
			targetProxy = 78384F10206BE9C700D7337A /* PBXContainerItemProxy */;
		};
/* End PBXTargetDependency section */

/* Begin PBXVariantGroup section */
		7870ABF62063F48600AA71D5 /* Main.storyboard */ = {
			isa = PBXVariantGroup;
			children = (
				7870ABF72063F48600AA71D5 /* Base */,
			);
			name = Main.storyboard;
			sourceTree = "<group>";
		};
		7870ABFB2063F48600AA71D5 /* LaunchScreen.storyboard */ = {
			isa = PBXVariantGroup;
			children = (
				7870ABFC2063F48600AA71D5 /* Base */,
			);
			name = LaunchScreen.storyboard;
			sourceTree = "<group>";
		};
/* End PBXVariantGroup section */

/* Begin XCBuildConfiguration section */
		78384F12206BE9C700D7337A /* Debug */ = {
			isa = XCBuildConfiguration;
			buildSettings = {
				BUNDLE_LOADER = "$(TEST_HOST)";
				CODE_SIGN_STYLE = Automatic;
				DEVELOPMENT_TEAM = B8682589LC;
				INFOPLIST_FILE = "how-many-hours-tests/Info.plist";
				LD_RUNPATH_SEARCH_PATHS = "$(inherited) @executable_path/Frameworks @loader_path/Frameworks";
				PRODUCT_BUNDLE_IDENTIFIER = "idea-capsule.how-many-hours-tests";
				PRODUCT_NAME = "$(TARGET_NAME)";
				SWIFT_VERSION = 4.0;
				TARGETED_DEVICE_FAMILY = "1,2";
				TEST_HOST = "$(BUILT_PRODUCTS_DIR)/how-many-hours.app/how-many-hours";
			};
			name = Debug;
		};
		78384F13206BE9C700D7337A /* Release */ = {
			isa = XCBuildConfiguration;
			buildSettings = {
				BUNDLE_LOADER = "$(TEST_HOST)";
				CODE_SIGN_STYLE = Automatic;
				DEVELOPMENT_TEAM = B8682589LC;
				INFOPLIST_FILE = "how-many-hours-tests/Info.plist";
				LD_RUNPATH_SEARCH_PATHS = "$(inherited) @executable_path/Frameworks @loader_path/Frameworks";
				PRODUCT_BUNDLE_IDENTIFIER = "idea-capsule.how-many-hours-tests";
				PRODUCT_NAME = "$(TARGET_NAME)";
				SWIFT_VERSION = 4.0;
				TARGETED_DEVICE_FAMILY = "1,2";
				TEST_HOST = "$(BUILT_PRODUCTS_DIR)/how-many-hours.app/how-many-hours";
			};
			name = Release;
		};
		7870ABFF2063F48600AA71D5 /* Debug */ = {
			isa = XCBuildConfiguration;
			buildSettings = {
				ALWAYS_SEARCH_USER_PATHS = NO;
				CLANG_ANALYZER_NONNULL = YES;
				CLANG_ANALYZER_NUMBER_OBJECT_CONVERSION = YES_AGGRESSIVE;
				CLANG_CXX_LANGUAGE_STANDARD = "gnu++14";
				CLANG_CXX_LIBRARY = "libc++";
				CLANG_ENABLE_MODULES = YES;
				CLANG_ENABLE_OBJC_ARC = YES;
				CLANG_WARN_BLOCK_CAPTURE_AUTORELEASING = YES;
				CLANG_WARN_BOOL_CONVERSION = YES;
				CLANG_WARN_COMMA = YES;
				CLANG_WARN_CONSTANT_CONVERSION = YES;
				CLANG_WARN_DIRECT_OBJC_ISA_USAGE = YES_ERROR;
				CLANG_WARN_DOCUMENTATION_COMMENTS = YES;
				CLANG_WARN_EMPTY_BODY = YES;
				CLANG_WARN_ENUM_CONVERSION = YES;
				CLANG_WARN_INFINITE_RECURSION = YES;
				CLANG_WARN_INT_CONVERSION = YES;
				CLANG_WARN_NON_LITERAL_NULL_CONVERSION = YES;
				CLANG_WARN_OBJC_LITERAL_CONVERSION = YES;
				CLANG_WARN_OBJC_ROOT_CLASS = YES_ERROR;
				CLANG_WARN_RANGE_LOOP_ANALYSIS = YES;
				CLANG_WARN_STRICT_PROTOTYPES = YES;
				CLANG_WARN_SUSPICIOUS_MOVE = YES;
				CLANG_WARN_UNGUARDED_AVAILABILITY = YES_AGGRESSIVE;
				CLANG_WARN_UNREACHABLE_CODE = YES;
				CLANG_WARN__DUPLICATE_METHOD_MATCH = YES;
				CODE_SIGN_IDENTITY = "iPhone Developer";
				COPY_PHASE_STRIP = NO;
				DEBUG_INFORMATION_FORMAT = dwarf;
				ENABLE_STRICT_OBJC_MSGSEND = YES;
				ENABLE_TESTABILITY = YES;
				GCC_C_LANGUAGE_STANDARD = gnu11;
				GCC_DYNAMIC_NO_PIC = NO;
				GCC_NO_COMMON_BLOCKS = YES;
				GCC_OPTIMIZATION_LEVEL = 0;
				GCC_PREPROCESSOR_DEFINITIONS = (
					"DEBUG=1",
					"$(inherited)",
				);
				GCC_WARN_64_TO_32_BIT_CONVERSION = YES;
				GCC_WARN_ABOUT_RETURN_TYPE = YES_ERROR;
				GCC_WARN_UNDECLARED_SELECTOR = YES;
				GCC_WARN_UNINITIALIZED_AUTOS = YES_AGGRESSIVE;
				GCC_WARN_UNUSED_FUNCTION = YES;
				GCC_WARN_UNUSED_VARIABLE = YES;
				IPHONEOS_DEPLOYMENT_TARGET = 11.2;
				MTL_ENABLE_DEBUG_INFO = YES;
				ONLY_ACTIVE_ARCH = YES;
				SDKROOT = iphoneos;
				SWIFT_ACTIVE_COMPILATION_CONDITIONS = DEBUG;
				SWIFT_OPTIMIZATION_LEVEL = "-Onone";
			};
			name = Debug;
		};
		7870AC002063F48600AA71D5 /* Release */ = {
			isa = XCBuildConfiguration;
			buildSettings = {
				ALWAYS_SEARCH_USER_PATHS = NO;
				CLANG_ANALYZER_NONNULL = YES;
				CLANG_ANALYZER_NUMBER_OBJECT_CONVERSION = YES_AGGRESSIVE;
				CLANG_CXX_LANGUAGE_STANDARD = "gnu++14";
				CLANG_CXX_LIBRARY = "libc++";
				CLANG_ENABLE_MODULES = YES;
				CLANG_ENABLE_OBJC_ARC = YES;
				CLANG_WARN_BLOCK_CAPTURE_AUTORELEASING = YES;
				CLANG_WARN_BOOL_CONVERSION = YES;
				CLANG_WARN_COMMA = YES;
				CLANG_WARN_CONSTANT_CONVERSION = YES;
				CLANG_WARN_DIRECT_OBJC_ISA_USAGE = YES_ERROR;
				CLANG_WARN_DOCUMENTATION_COMMENTS = YES;
				CLANG_WARN_EMPTY_BODY = YES;
				CLANG_WARN_ENUM_CONVERSION = YES;
				CLANG_WARN_INFINITE_RECURSION = YES;
				CLANG_WARN_INT_CONVERSION = YES;
				CLANG_WARN_NON_LITERAL_NULL_CONVERSION = YES;
				CLANG_WARN_OBJC_LITERAL_CONVERSION = YES;
				CLANG_WARN_OBJC_ROOT_CLASS = YES_ERROR;
				CLANG_WARN_RANGE_LOOP_ANALYSIS = YES;
				CLANG_WARN_STRICT_PROTOTYPES = YES;
				CLANG_WARN_SUSPICIOUS_MOVE = YES;
				CLANG_WARN_UNGUARDED_AVAILABILITY = YES_AGGRESSIVE;
				CLANG_WARN_UNREACHABLE_CODE = YES;
				CLANG_WARN__DUPLICATE_METHOD_MATCH = YES;
				CODE_SIGN_IDENTITY = "iPhone Developer";
				COPY_PHASE_STRIP = NO;
				DEBUG_INFORMATION_FORMAT = "dwarf-with-dsym";
				ENABLE_NS_ASSERTIONS = NO;
				ENABLE_STRICT_OBJC_MSGSEND = YES;
				GCC_C_LANGUAGE_STANDARD = gnu11;
				GCC_NO_COMMON_BLOCKS = YES;
				GCC_WARN_64_TO_32_BIT_CONVERSION = YES;
				GCC_WARN_ABOUT_RETURN_TYPE = YES_ERROR;
				GCC_WARN_UNDECLARED_SELECTOR = YES;
				GCC_WARN_UNINITIALIZED_AUTOS = YES_AGGRESSIVE;
				GCC_WARN_UNUSED_FUNCTION = YES;
				GCC_WARN_UNUSED_VARIABLE = YES;
				IPHONEOS_DEPLOYMENT_TARGET = 11.2;
				MTL_ENABLE_DEBUG_INFO = NO;
				SDKROOT = iphoneos;
				SWIFT_OPTIMIZATION_LEVEL = "-Owholemodule";
				VALIDATE_PRODUCT = YES;
			};
			name = Release;
		};
		7870AC022063F48600AA71D5 /* Debug */ = {
			isa = XCBuildConfiguration;
			buildSettings = {
				ASSETCATALOG_COMPILER_APPICON_NAME = AppIcon;
				CODE_SIGN_STYLE = Automatic;
				DEVELOPMENT_TEAM = B8682589LC;
				INFOPLIST_FILE = "how-many-hours/Info.plist";
				LD_RUNPATH_SEARCH_PATHS = "$(inherited) @executable_path/Frameworks";
				PRODUCT_BUNDLE_IDENTIFIER = "idea-capsule.how-many-hours";
				PRODUCT_NAME = "$(TARGET_NAME)";
				SWIFT_VERSION = 4.0;
				TARGETED_DEVICE_FAMILY = "1,2";
			};
			name = Debug;
		};
		7870AC032063F48600AA71D5 /* Release */ = {
			isa = XCBuildConfiguration;
			buildSettings = {
				ASSETCATALOG_COMPILER_APPICON_NAME = AppIcon;
				CODE_SIGN_STYLE = Automatic;
				DEVELOPMENT_TEAM = B8682589LC;
				INFOPLIST_FILE = "how-many-hours/Info.plist";
				LD_RUNPATH_SEARCH_PATHS = "$(inherited) @executable_path/Frameworks";
				PRODUCT_BUNDLE_IDENTIFIER = "idea-capsule.how-many-hours";
				PRODUCT_NAME = "$(TARGET_NAME)";
				SWIFT_VERSION = 4.0;
				TARGETED_DEVICE_FAMILY = "1,2";
			};
			name = Release;
		};
/* End XCBuildConfiguration section */

/* Begin XCConfigurationList section */
		78384F14206BE9C700D7337A /* Build configuration list for PBXNativeTarget "how-many-hours-tests" */ = {
			isa = XCConfigurationList;
			buildConfigurations = (
				78384F12206BE9C700D7337A /* Debug */,
				78384F13206BE9C700D7337A /* Release */,
			);
			defaultConfigurationIsVisible = 0;
			defaultConfigurationName = Release;
		};
		7870ABEA2063F48600AA71D5 /* Build configuration list for PBXProject "how-many-hours" */ = {
			isa = XCConfigurationList;
			buildConfigurations = (
				7870ABFF2063F48600AA71D5 /* Debug */,
				7870AC002063F48600AA71D5 /* Release */,
			);
			defaultConfigurationIsVisible = 0;
			defaultConfigurationName = Release;
		};
		7870AC012063F48600AA71D5 /* Build configuration list for PBXNativeTarget "how-many-hours" */ = {
			isa = XCConfigurationList;
			buildConfigurations = (
				7870AC022063F48600AA71D5 /* Debug */,
				7870AC032063F48600AA71D5 /* Release */,
			);
			defaultConfigurationIsVisible = 0;
			defaultConfigurationName = Release;
		};
/* End XCConfigurationList section */
	};
	rootObject = 7870ABE72063F48600AA71D5 /* Project object */;
}
