// !$*UTF8*$!
{
	archiveVersion = 1;
	classes = {
	};
	objectVersion = 50;
	objects = {

/* Begin PBXBuildFile section */
		789086D9207E409B007F13D6 /* AppDelegate.swift in Sources */ = {isa = PBXBuildFile; fileRef = 789086D8207E409B007F13D6 /* AppDelegate.swift */; };
		789086DB207E409B007F13D6 /* CategoriesVC.swift in Sources */ = {isa = PBXBuildFile; fileRef = 789086DA207E409B007F13D6 /* CategoriesVC.swift */; };
		789086DE207E409C007F13D6 /* Main.storyboard in Resources */ = {isa = PBXBuildFile; fileRef = 789086DC207E409C007F13D6 /* Main.storyboard */; };
		789086E0207E409D007F13D6 /* Assets.xcassets in Resources */ = {isa = PBXBuildFile; fileRef = 789086DF207E409D007F13D6 /* Assets.xcassets */; };
		789086E3207E409D007F13D6 /* LaunchScreen.storyboard in Resources */ = {isa = PBXBuildFile; fileRef = 789086E1207E409D007F13D6 /* LaunchScreen.storyboard */; };
		789086EE207E76BD007F13D6 /* CategoryCell.swift in Sources */ = {isa = PBXBuildFile; fileRef = 789086ED207E76BD007F13D6 /* CategoryCell.swift */; };
/* End PBXBuildFile section */

/* Begin PBXFileReference section */
		789086D5207E409B007F13D6 /* cloth-shop-v2.app */ = {isa = PBXFileReference; explicitFileType = wrapper.application; includeInIndex = 0; path = "cloth-shop-v2.app"; sourceTree = BUILT_PRODUCTS_DIR; };
		789086D8207E409B007F13D6 /* AppDelegate.swift */ = {isa = PBXFileReference; lastKnownFileType = sourcecode.swift; path = AppDelegate.swift; sourceTree = "<group>"; };
		789086DA207E409B007F13D6 /* CategoriesVC.swift */ = {isa = PBXFileReference; lastKnownFileType = sourcecode.swift; path = CategoriesVC.swift; sourceTree = "<group>"; };
		789086DD207E409C007F13D6 /* Base */ = {isa = PBXFileReference; lastKnownFileType = file.storyboard; name = Base; path = Base.lproj/Main.storyboard; sourceTree = "<group>"; };
		789086DF207E409D007F13D6 /* Assets.xcassets */ = {isa = PBXFileReference; lastKnownFileType = folder.assetcatalog; path = Assets.xcassets; sourceTree = "<group>"; };
		789086E2207E409D007F13D6 /* Base */ = {isa = PBXFileReference; lastKnownFileType = file.storyboard; name = Base; path = Base.lproj/LaunchScreen.storyboard; sourceTree = "<group>"; };
		789086E4207E409D007F13D6 /* Info.plist */ = {isa = PBXFileReference; lastKnownFileType = text.plist.xml; path = Info.plist; sourceTree = "<group>"; };
		789086ED207E76BD007F13D6 /* CategoryCell.swift */ = {isa = PBXFileReference; lastKnownFileType = sourcecode.swift; path = CategoryCell.swift; sourceTree = "<group>"; };
/* End PBXFileReference section */

/* Begin PBXFrameworksBuildPhase section */
		789086D2207E409B007F13D6 /* Frameworks */ = {
			isa = PBXFrameworksBuildPhase;
			buildActionMask = 2147483647;
			files = (
			);
			runOnlyForDeploymentPostprocessing = 0;
		};
/* End PBXFrameworksBuildPhase section */

/* Begin PBXGroup section */
		789086CC207E409B007F13D6 = {
			isa = PBXGroup;
			children = (
				789086D7207E409B007F13D6 /* cloth-shop-v2 */,
				789086D6207E409B007F13D6 /* Products */,
			);
			sourceTree = "<group>";
		};
		789086D6207E409B007F13D6 /* Products */ = {
			isa = PBXGroup;
			children = (
				789086D5207E409B007F13D6 /* cloth-shop-v2.app */,
			);
			name = Products;
			sourceTree = "<group>";
		};
		789086D7207E409B007F13D6 /* cloth-shop-v2 */ = {
			isa = PBXGroup;
			children = (
				789086EC207E764A007F13D6 /* View */,
				789086EB207E7643007F13D6 /* Model */,
				789086EA207E7636007F13D6 /* Controller */,
				789086D8207E409B007F13D6 /* AppDelegate.swift */,
				789086DC207E409C007F13D6 /* Main.storyboard */,
				789086DF207E409D007F13D6 /* Assets.xcassets */,
				789086E1207E409D007F13D6 /* LaunchScreen.storyboard */,
				789086E4207E409D007F13D6 /* Info.plist */,
			);
			path = "cloth-shop-v2";
			sourceTree = "<group>";
		};
		789086EA207E7636007F13D6 /* Controller */ = {
			isa = PBXGroup;
			children = (
				789086DA207E409B007F13D6 /* CategoriesVC.swift */,
			);
			path = Controller;
			sourceTree = "<group>";
		};
		789086EB207E7643007F13D6 /* Model */ = {
			isa = PBXGroup;
			children = (
			);
			path = Model;
			sourceTree = "<group>";
		};
		789086EC207E764A007F13D6 /* View */ = {
			isa = PBXGroup;
			children = (
				789086ED207E76BD007F13D6 /* CategoryCell.swift */,
			);
			path = View;
			sourceTree = "<group>";
		};
/* End PBXGroup section */

/* Begin PBXNativeTarget section */
		789086D4207E409B007F13D6 /* cloth-shop-v2 */ = {
			isa = PBXNativeTarget;
			buildConfigurationList = 789086E7207E409D007F13D6 /* Build configuration list for PBXNativeTarget "cloth-shop-v2" */;
			buildPhases = (
				789086D1207E409B007F13D6 /* Sources */,
				789086D2207E409B007F13D6 /* Frameworks */,
				789086D3207E409B007F13D6 /* Resources */,
			);
			buildRules = (
			);
			dependencies = (
			);
			name = "cloth-shop-v2";
			productName = "cloth-shop-v2";
			productReference = 789086D5207E409B007F13D6 /* cloth-shop-v2.app */;
			productType = "com.apple.product-type.application";
		};
/* End PBXNativeTarget section */

/* Begin PBXProject section */
		789086CD207E409B007F13D6 /* Project object */ = {
			isa = PBXProject;
			attributes = {
				LastSwiftUpdateCheck = 0930;
				LastUpgradeCheck = 0930;
				ORGANIZATIONNAME = "idea-capsule";
				TargetAttributes = {
					789086D4207E409B007F13D6 = {
						CreatedOnToolsVersion = 9.3;
					};
				};
			};
			buildConfigurationList = 789086D0207E409B007F13D6 /* Build configuration list for PBXProject "cloth-shop-v2" */;
			compatibilityVersion = "Xcode 9.3";
			developmentRegion = en;
			hasScannedForEncodings = 0;
			knownRegions = (
				en,
				Base,
			);
			mainGroup = 789086CC207E409B007F13D6;
			productRefGroup = 789086D6207E409B007F13D6 /* Products */;
			projectDirPath = "";
			projectRoot = "";
			targets = (
				789086D4207E409B007F13D6 /* cloth-shop-v2 */,
			);
		};
/* End PBXProject section */

/* Begin PBXResourcesBuildPhase section */
		789086D3207E409B007F13D6 /* Resources */ = {
			isa = PBXResourcesBuildPhase;
			buildActionMask = 2147483647;
			files = (
				789086E3207E409D007F13D6 /* LaunchScreen.storyboard in Resources */,
				789086E0207E409D007F13D6 /* Assets.xcassets in Resources */,
				789086DE207E409C007F13D6 /* Main.storyboard in Resources */,
			);
			runOnlyForDeploymentPostprocessing = 0;
		};
/* End PBXResourcesBuildPhase section */

/* Begin PBXSourcesBuildPhase section */
		789086D1207E409B007F13D6 /* Sources */ = {
			isa = PBXSourcesBuildPhase;
			buildActionMask = 2147483647;
			files = (
				789086DB207E409B007F13D6 /* CategoriesVC.swift in Sources */,
				789086D9207E409B007F13D6 /* AppDelegate.swift in Sources */,
				789086EE207E76BD007F13D6 /* CategoryCell.swift in Sources */,
			);
			runOnlyForDeploymentPostprocessing = 0;
		};
/* End PBXSourcesBuildPhase section */

/* Begin PBXVariantGroup section */
		789086DC207E409C007F13D6 /* Main.storyboard */ = {
			isa = PBXVariantGroup;
			children = (
				789086DD207E409C007F13D6 /* Base */,
			);
			name = Main.storyboard;
			sourceTree = "<group>";
		};
		789086E1207E409D007F13D6 /* LaunchScreen.storyboard */ = {
			isa = PBXVariantGroup;
			children = (
				789086E2207E409D007F13D6 /* Base */,
			);
			name = LaunchScreen.storyboard;
			sourceTree = "<group>";
		};
/* End PBXVariantGroup section */

/* Begin XCBuildConfiguration section */
		789086E5207E409D007F13D6 /* Debug */ = {
			isa = XCBuildConfiguration;
			buildSettings = {
				ALWAYS_SEARCH_USER_PATHS = NO;
				CLANG_ANALYZER_NONNULL = YES;
				CLANG_ANALYZER_NUMBER_OBJECT_CONVERSION = YES_AGGRESSIVE;
				CLANG_CXX_LANGUAGE_STANDARD = "gnu++14";
				CLANG_CXX_LIBRARY = "libc++";
				CLANG_ENABLE_MODULES = YES;
				CLANG_ENABLE_OBJC_ARC = YES;
				CLANG_ENABLE_OBJC_WEAK = YES;
				CLANG_WARN_BLOCK_CAPTURE_AUTORELEASING = YES;
				CLANG_WARN_BOOL_CONVERSION = YES;
				CLANG_WARN_COMMA = YES;
				CLANG_WARN_CONSTANT_CONVERSION = YES;
				CLANG_WARN_DEPRECATED_OBJC_IMPLEMENTATIONS = YES;
				CLANG_WARN_DIRECT_OBJC_ISA_USAGE = YES_ERROR;
				CLANG_WARN_DOCUMENTATION_COMMENTS = YES;
				CLANG_WARN_EMPTY_BODY = YES;
				CLANG_WARN_ENUM_CONVERSION = YES;
				CLANG_WARN_INFINITE_RECURSION = YES;
				CLANG_WARN_INT_CONVERSION = YES;
				CLANG_WARN_NON_LITERAL_NULL_CONVERSION = YES;
				CLANG_WARN_OBJC_IMPLICIT_RETAIN_SELF = YES;
				CLANG_WARN_OBJC_LITERAL_CONVERSION = YES;
				CLANG_WARN_OBJC_ROOT_CLASS = YES_ERROR;
				CLANG_WARN_RANGE_LOOP_ANALYSIS = YES;
				CLANG_WARN_STRICT_PROTOTYPES = YES;
				CLANG_WARN_SUSPICIOUS_MOVE = YES;
				CLANG_WARN_UNGUARDED_AVAILABILITY = YES_AGGRESSIVE;
				CLANG_WARN_UNREACHABLE_CODE = YES;
				CLANG_WARN__DUPLICATE_METHOD_MATCH = YES;
				CODE_SIGN_IDENTITY = "iPhone Developer";
				COPY_PHASE_STRIP = NO;
				DEBUG_INFORMATION_FORMAT = dwarf;
				ENABLE_STRICT_OBJC_MSGSEND = YES;
				ENABLE_TESTABILITY = YES;
				GCC_C_LANGUAGE_STANDARD = gnu11;
				GCC_DYNAMIC_NO_PIC = NO;
				GCC_NO_COMMON_BLOCKS = YES;
				GCC_OPTIMIZATION_LEVEL = 0;
				GCC_PREPROCESSOR_DEFINITIONS = (
					"DEBUG=1",
					"$(inherited)",
				);
				GCC_WARN_64_TO_32_BIT_CONVERSION = YES;
				GCC_WARN_ABOUT_RETURN_TYPE = YES_ERROR;
				GCC_WARN_UNDECLARED_SELECTOR = YES;
				GCC_WARN_UNINITIALIZED_AUTOS = YES_AGGRESSIVE;
				GCC_WARN_UNUSED_FUNCTION = YES;
				GCC_WARN_UNUSED_VARIABLE = YES;
				IPHONEOS_DEPLOYMENT_TARGET = 11.3;
				MTL_ENABLE_DEBUG_INFO = YES;
				ONLY_ACTIVE_ARCH = YES;
				SDKROOT = iphoneos;
				SWIFT_ACTIVE_COMPILATION_CONDITIONS = DEBUG;
				SWIFT_OPTIMIZATION_LEVEL = "-Onone";
			};
			name = Debug;
		};
		789086E6207E409D007F13D6 /* Release */ = {
			isa = XCBuildConfiguration;
			buildSettings = {
				ALWAYS_SEARCH_USER_PATHS = NO;
				CLANG_ANALYZER_NONNULL = YES;
				CLANG_ANALYZER_NUMBER_OBJECT_CONVERSION = YES_AGGRESSIVE;
				CLANG_CXX_LANGUAGE_STANDARD = "gnu++14";
				CLANG_CXX_LIBRARY = "libc++";
				CLANG_ENABLE_MODULES = YES;
				CLANG_ENABLE_OBJC_ARC = YES;
				CLANG_ENABLE_OBJC_WEAK = YES;
				CLANG_WARN_BLOCK_CAPTURE_AUTORELEASING = YES;
				CLANG_WARN_BOOL_CONVERSION = YES;
				CLANG_WARN_COMMA = YES;
				CLANG_WARN_CONSTANT_CONVERSION = YES;
				CLANG_WARN_DEPRECATED_OBJC_IMPLEMENTATIONS = YES;
				CLANG_WARN_DIRECT_OBJC_ISA_USAGE = YES_ERROR;
				CLANG_WARN_DOCUMENTATION_COMMENTS = YES;
				CLANG_WARN_EMPTY_BODY = YES;
				CLANG_WARN_ENUM_CONVERSION = YES;
				CLANG_WARN_INFINITE_RECURSION = YES;
				CLANG_WARN_INT_CONVERSION = YES;
				CLANG_WARN_NON_LITERAL_NULL_CONVERSION = YES;
				CLANG_WARN_OBJC_IMPLICIT_RETAIN_SELF = YES;
				CLANG_WARN_OBJC_LITERAL_CONVERSION = YES;
				CLANG_WARN_OBJC_ROOT_CLASS = YES_ERROR;
				CLANG_WARN_RANGE_LOOP_ANALYSIS = YES;
				CLANG_WARN_STRICT_PROTOTYPES = YES;
				CLANG_WARN_SUSPICIOUS_MOVE = YES;
				CLANG_WARN_UNGUARDED_AVAILABILITY = YES_AGGRESSIVE;
				CLANG_WARN_UNREACHABLE_CODE = YES;
				CLANG_WARN__DUPLICATE_METHOD_MATCH = YES;
				CODE_SIGN_IDENTITY = "iPhone Developer";
				COPY_PHASE_STRIP = NO;
				DEBUG_INFORMATION_FORMAT = "dwarf-with-dsym";
				ENABLE_NS_ASSERTIONS = NO;
				ENABLE_STRICT_OBJC_MSGSEND = YES;
				GCC_C_LANGUAGE_STANDARD = gnu11;
				GCC_NO_COMMON_BLOCKS = YES;
				GCC_WARN_64_TO_32_BIT_CONVERSION = YES;
				GCC_WARN_ABOUT_RETURN_TYPE = YES_ERROR;
				GCC_WARN_UNDECLARED_SELECTOR = YES;
				GCC_WARN_UNINITIALIZED_AUTOS = YES_AGGRESSIVE;
				GCC_WARN_UNUSED_FUNCTION = YES;
				GCC_WARN_UNUSED_VARIABLE = YES;
				IPHONEOS_DEPLOYMENT_TARGET = 11.3;
				MTL_ENABLE_DEBUG_INFO = NO;
				SDKROOT = iphoneos;
				SWIFT_COMPILATION_MODE = wholemodule;
				SWIFT_OPTIMIZATION_LEVEL = "-O";
				VALIDATE_PRODUCT = YES;
			};
			name = Release;
		};
		789086E8207E409D007F13D6 /* Debug */ = {
			isa = XCBuildConfiguration;
			buildSettings = {
				ASSETCATALOG_COMPILER_APPICON_NAME = AppIcon;
				CODE_SIGN_STYLE = Automatic;
				DEVELOPMENT_TEAM = B8682589LC;
				INFOPLIST_FILE = "cloth-shop-v2/Info.plist";
				LD_RUNPATH_SEARCH_PATHS = (
					"$(inherited)",
					"@executable_path/Frameworks",
				);
				PRODUCT_BUNDLE_IDENTIFIER = "idea-capsule.cloth-shop-v2";
				PRODUCT_NAME = "$(TARGET_NAME)";
				SWIFT_VERSION = 4.0;
				TARGETED_DEVICE_FAMILY = "1,2";
			};
			name = Debug;
		};
		789086E9207E409D007F13D6 /* Release */ = {
			isa = XCBuildConfiguration;
			buildSettings = {
				ASSETCATALOG_COMPILER_APPICON_NAME = AppIcon;
				CODE_SIGN_STYLE = Automatic;
				DEVELOPMENT_TEAM = B8682589LC;
				INFOPLIST_FILE = "cloth-shop-v2/Info.plist";
				LD_RUNPATH_SEARCH_PATHS = (
					"$(inherited)",
					"@executable_path/Frameworks",
				);
				PRODUCT_BUNDLE_IDENTIFIER = "idea-capsule.cloth-shop-v2";
				PRODUCT_NAME = "$(TARGET_NAME)";
				SWIFT_VERSION = 4.0;
				TARGETED_DEVICE_FAMILY = "1,2";
			};
			name = Release;
		};
/* End XCBuildConfiguration section */

/* Begin XCConfigurationList section */
		789086D0207E409B007F13D6 /* Build configuration list for PBXProject "cloth-shop-v2" */ = {
			isa = XCConfigurationList;
			buildConfigurations = (
				789086E5207E409D007F13D6 /* Debug */,
				789086E6207E409D007F13D6 /* Release */,
			);
			defaultConfigurationIsVisible = 0;
			defaultConfigurationName = Release;
		};
		789086E7207E409D007F13D6 /* Build configuration list for PBXNativeTarget "cloth-shop-v2" */ = {
			isa = XCConfigurationList;
			buildConfigurations = (
				789086E8207E409D007F13D6 /* Debug */,
				789086E9207E409D007F13D6 /* Release */,
			);
			defaultConfigurationIsVisible = 0;
			defaultConfigurationName = Release;
		};
/* End XCConfigurationList section */
	};
	rootObject = 789086CD207E409B007F13D6 /* Project object */;
}
